// !$*UTF8*$!
{
	archiveVersion = 1;
	classes = {
	};
	objectVersion = 55;
	objects = {

/* Begin PBXBuildFile section */
		C6A483C228328E31002CA8A3 /* MyshortcutApp.swift in Sources */ = {isa = PBXBuildFile; fileRef = C6A483C128328E31002CA8A3 /* MyshortcutApp.swift */; };
		C6A483C428328E31002CA8A3 /* ContentView.swift in Sources */ = {isa = PBXBuildFile; fileRef = C6A483C328328E31002CA8A3 /* ContentView.swift */; };
		C6A483C628328E35002CA8A3 /* Assets.xcassets in Resources */ = {isa = PBXBuildFile; fileRef = C6A483C528328E35002CA8A3 /* Assets.xcassets */; };
		C6A483C928328E35002CA8A3 /* Preview Assets.xcassets in Resources */ = {isa = PBXBuildFile; fileRef = C6A483C828328E35002CA8A3 /* Preview Assets.xcassets */; };
		C6A483D328328E35002CA8A3 /* MyshortcutTests.swift in Sources */ = {isa = PBXBuildFile; fileRef = C6A483D228328E35002CA8A3 /* MyshortcutTests.swift */; };
		C6A483DD28328E35002CA8A3 /* MyshortcutUITests.swift in Sources */ = {isa = PBXBuildFile; fileRef = C6A483DC28328E35002CA8A3 /* MyshortcutUITests.swift */; };
		C6A483DF28328E35002CA8A3 /* MyshortcutUITestsLaunchTests.swift in Sources */ = {isa = PBXBuildFile; fileRef = C6A483DE28328E35002CA8A3 /* MyshortcutUITestsLaunchTests.swift */; };
		C6A483EC2832C5EB002CA8A3 /* BlockView.swift in Sources */ = {isa = PBXBuildFile; fileRef = C6A483EB2832C5EB002CA8A3 /* BlockView.swift */; };
		C6A483EE2832F07D002CA8A3 /* BlockList.swift in Sources */ = {isa = PBXBuildFile; fileRef = C6A483ED2832F07D002CA8A3 /* BlockList.swift */; };
		C6A483F028332473002CA8A3 /* ProgramView.swift in Sources */ = {isa = PBXBuildFile; fileRef = C6A483EF28332473002CA8A3 /* ProgramView.swift */; };
		C6A483F2283340D7002CA8A3 /* SelectionList.swift in Sources */ = {isa = PBXBuildFile; fileRef = C6A483F1283340D7002CA8A3 /* SelectionList.swift */; };
/* End PBXBuildFile section */

/* Begin PBXContainerItemProxy section */
		C6A483CF28328E35002CA8A3 /* PBXContainerItemProxy */ = {
			isa = PBXContainerItemProxy;
			containerPortal = C6A483B628328E31002CA8A3 /* Project object */;
			proxyType = 1;
			remoteGlobalIDString = C6A483BD28328E31002CA8A3;
			remoteInfo = Myshortcut;
		};
		C6A483D928328E35002CA8A3 /* PBXContainerItemProxy */ = {
			isa = PBXContainerItemProxy;
			containerPortal = C6A483B628328E31002CA8A3 /* Project object */;
			proxyType = 1;
			remoteGlobalIDString = C6A483BD28328E31002CA8A3;
			remoteInfo = Myshortcut;
		};
/* End PBXContainerItemProxy section */

/* Begin PBXFileReference section */
		C6A483BE28328E31002CA8A3 /* Myshortcut.app */ = {isa = PBXFileReference; explicitFileType = wrapper.application; includeInIndex = 0; path = Myshortcut.app; sourceTree = BUILT_PRODUCTS_DIR; };
		C6A483C128328E31002CA8A3 /* MyshortcutApp.swift */ = {isa = PBXFileReference; lastKnownFileType = sourcecode.swift; path = MyshortcutApp.swift; sourceTree = "<group>"; };
		C6A483C328328E31002CA8A3 /* ContentView.swift */ = {isa = PBXFileReference; lastKnownFileType = sourcecode.swift; path = ContentView.swift; sourceTree = "<group>"; };
		C6A483C528328E35002CA8A3 /* Assets.xcassets */ = {isa = PBXFileReference; lastKnownFileType = folder.assetcatalog; path = Assets.xcassets; sourceTree = "<group>"; };
		C6A483C828328E35002CA8A3 /* Preview Assets.xcassets */ = {isa = PBXFileReference; lastKnownFileType = folder.assetcatalog; path = "Preview Assets.xcassets"; sourceTree = "<group>"; };
		C6A483CE28328E35002CA8A3 /* MyshortcutTests.xctest */ = {isa = PBXFileReference; explicitFileType = wrapper.cfbundle; includeInIndex = 0; path = MyshortcutTests.xctest; sourceTree = BUILT_PRODUCTS_DIR; };
		C6A483D228328E35002CA8A3 /* MyshortcutTests.swift */ = {isa = PBXFileReference; lastKnownFileType = sourcecode.swift; path = MyshortcutTests.swift; sourceTree = "<group>"; };
		C6A483D828328E35002CA8A3 /* MyshortcutUITests.xctest */ = {isa = PBXFileReference; explicitFileType = wrapper.cfbundle; includeInIndex = 0; path = MyshortcutUITests.xctest; sourceTree = BUILT_PRODUCTS_DIR; };
		C6A483DC28328E35002CA8A3 /* MyshortcutUITests.swift */ = {isa = PBXFileReference; lastKnownFileType = sourcecode.swift; path = MyshortcutUITests.swift; sourceTree = "<group>"; };
		C6A483DE28328E35002CA8A3 /* MyshortcutUITestsLaunchTests.swift */ = {isa = PBXFileReference; lastKnownFileType = sourcecode.swift; path = MyshortcutUITestsLaunchTests.swift; sourceTree = "<group>"; };
		C6A483EB2832C5EB002CA8A3 /* BlockView.swift */ = {isa = PBXFileReference; lastKnownFileType = sourcecode.swift; path = BlockView.swift; sourceTree = "<group>"; };
		C6A483ED2832F07D002CA8A3 /* BlockList.swift */ = {isa = PBXFileReference; lastKnownFileType = sourcecode.swift; path = BlockList.swift; sourceTree = "<group>"; };
		C6A483EF28332473002CA8A3 /* ProgramView.swift */ = {isa = PBXFileReference; lastKnownFileType = sourcecode.swift; path = ProgramView.swift; sourceTree = "<group>"; };
		C6A483F1283340D7002CA8A3 /* SelectionList.swift */ = {isa = PBXFileReference; lastKnownFileType = sourcecode.swift; path = SelectionList.swift; sourceTree = "<group>"; };
/* End PBXFileReference section */

/* Begin PBXFrameworksBuildPhase section */
		C6A483BB28328E31002CA8A3 /* Frameworks */ = {
			isa = PBXFrameworksBuildPhase;
			buildActionMask = 2147483647;
			files = (
			);
			runOnlyForDeploymentPostprocessing = 0;
		};
		C6A483CB28328E35002CA8A3 /* Frameworks */ = {
			isa = PBXFrameworksBuildPhase;
			buildActionMask = 2147483647;
			files = (
			);
			runOnlyForDeploymentPostprocessing = 0;
		};
		C6A483D528328E35002CA8A3 /* Frameworks */ = {
			isa = PBXFrameworksBuildPhase;
			buildActionMask = 2147483647;
			files = (
			);
			runOnlyForDeploymentPostprocessing = 0;
		};
/* End PBXFrameworksBuildPhase section */

/* Begin PBXGroup section */
		C6A483B528328E31002CA8A3 = {
			isa = PBXGroup;
			children = (
				C6A483C028328E31002CA8A3 /* Myshortcut */,
				C6A483D128328E35002CA8A3 /* MyshortcutTests */,
				C6A483DB28328E35002CA8A3 /* MyshortcutUITests */,
				C6A483BF28328E31002CA8A3 /* Products */,
			);
			sourceTree = "<group>";
		};
		C6A483BF28328E31002CA8A3 /* Products */ = {
			isa = PBXGroup;
			children = (
				C6A483BE28328E31002CA8A3 /* Myshortcut.app */,
				C6A483CE28328E35002CA8A3 /* MyshortcutTests.xctest */,
				C6A483D828328E35002CA8A3 /* MyshortcutUITests.xctest */,
			);
			name = Products;
			sourceTree = "<group>";
		};
		C6A483C028328E31002CA8A3 /* Myshortcut */ = {
			isa = PBXGroup;
			children = (
				C6A483C128328E31002CA8A3 /* MyshortcutApp.swift */,
				C6A483C328328E31002CA8A3 /* ContentView.swift */,
				C6A483EF28332473002CA8A3 /* ProgramView.swift */,
				C6A483ED2832F07D002CA8A3 /* BlockList.swift */,
				C6A483EB2832C5EB002CA8A3 /* BlockView.swift */,
				C6A483F1283340D7002CA8A3 /* SelectionList.swift */,
				C6A483C528328E35002CA8A3 /* Assets.xcassets */,
				C6A483C728328E35002CA8A3 /* Preview Content */,
			);
			path = Myshortcut;
			sourceTree = "<group>";
		};
		C6A483C728328E35002CA8A3 /* Preview Content */ = {
			isa = PBXGroup;
			children = (
				C6A483C828328E35002CA8A3 /* Preview Assets.xcassets */,
			);
			path = "Preview Content";
			sourceTree = "<group>";
		};
		C6A483D128328E35002CA8A3 /* MyshortcutTests */ = {
			isa = PBXGroup;
			children = (
				C6A483D228328E35002CA8A3 /* MyshortcutTests.swift */,
			);
			path = MyshortcutTests;
			sourceTree = "<group>";
		};
		C6A483DB28328E35002CA8A3 /* MyshortcutUITests */ = {
			isa = PBXGroup;
			children = (
				C6A483DC28328E35002CA8A3 /* MyshortcutUITests.swift */,
				C6A483DE28328E35002CA8A3 /* MyshortcutUITestsLaunchTests.swift */,
			);
			path = MyshortcutUITests;
			sourceTree = "<group>";
		};
/* End PBXGroup section */

/* Begin PBXNativeTarget section */
		C6A483BD28328E31002CA8A3 /* Myshortcut */ = {
			isa = PBXNativeTarget;
			buildConfigurationList = C6A483E228328E35002CA8A3 /* Build configuration list for PBXNativeTarget "Myshortcut" */;
			buildPhases = (
				C6A483BA28328E31002CA8A3 /* Sources */,
				C6A483BB28328E31002CA8A3 /* Frameworks */,
				C6A483BC28328E31002CA8A3 /* Resources */,
			);
			buildRules = (
			);
			dependencies = (
			);
			name = Myshortcut;
			productName = Myshortcut;
			productReference = C6A483BE28328E31002CA8A3 /* Myshortcut.app */;
			productType = "com.apple.product-type.application";
		};
		C6A483CD28328E35002CA8A3 /* MyshortcutTests */ = {
			isa = PBXNativeTarget;
			buildConfigurationList = C6A483E528328E35002CA8A3 /* Build configuration list for PBXNativeTarget "MyshortcutTests" */;
			buildPhases = (
				C6A483CA28328E35002CA8A3 /* Sources */,
				C6A483CB28328E35002CA8A3 /* Frameworks */,
				C6A483CC28328E35002CA8A3 /* Resources */,
			);
			buildRules = (
			);
			dependencies = (
				C6A483D028328E35002CA8A3 /* PBXTargetDependency */,
			);
			name = MyshortcutTests;
			productName = MyshortcutTests;
			productReference = C6A483CE28328E35002CA8A3 /* MyshortcutTests.xctest */;
			productType = "com.apple.product-type.bundle.unit-test";
		};
		C6A483D728328E35002CA8A3 /* MyshortcutUITests */ = {
			isa = PBXNativeTarget;
			buildConfigurationList = C6A483E828328E35002CA8A3 /* Build configuration list for PBXNativeTarget "MyshortcutUITests" */;
			buildPhases = (
				C6A483D428328E35002CA8A3 /* Sources */,
				C6A483D528328E35002CA8A3 /* Frameworks */,
				C6A483D628328E35002CA8A3 /* Resources */,
			);
			buildRules = (
			);
			dependencies = (
				C6A483DA28328E35002CA8A3 /* PBXTargetDependency */,
			);
			name = MyshortcutUITests;
			productName = MyshortcutUITests;
			productReference = C6A483D828328E35002CA8A3 /* MyshortcutUITests.xctest */;
			productType = "com.apple.product-type.bundle.ui-testing";
		};
/* End PBXNativeTarget section */

/* Begin PBXProject section */
		C6A483B628328E31002CA8A3 /* Project object */ = {
			isa = PBXProject;
			attributes = {
				BuildIndependentTargetsInParallel = 1;
				LastSwiftUpdateCheck = 1320;
				LastUpgradeCheck = 1320;
				TargetAttributes = {
					C6A483BD28328E31002CA8A3 = {
						CreatedOnToolsVersion = 13.2.1;
					};
					C6A483CD28328E35002CA8A3 = {
						CreatedOnToolsVersion = 13.2.1;
						TestTargetID = C6A483BD28328E31002CA8A3;
					};
					C6A483D728328E35002CA8A3 = {
						CreatedOnToolsVersion = 13.2.1;
						TestTargetID = C6A483BD28328E31002CA8A3;
					};
				};
			};
			buildConfigurationList = C6A483B928328E31002CA8A3 /* Build configuration list for PBXProject "Myshortcut" */;
			compatibilityVersion = "Xcode 13.0";
			developmentRegion = en;
			hasScannedForEncodings = 0;
			knownRegions = (
				en,
				Base,
			);
			mainGroup = C6A483B528328E31002CA8A3;
			productRefGroup = C6A483BF28328E31002CA8A3 /* Products */;
			projectDirPath = "";
			projectRoot = "";
			targets = (
				C6A483BD28328E31002CA8A3 /* Myshortcut */,
				C6A483CD28328E35002CA8A3 /* MyshortcutTests */,
				C6A483D728328E35002CA8A3 /* MyshortcutUITests */,
			);
		};
/* End PBXProject section */

/* Begin PBXResourcesBuildPhase section */
		C6A483BC28328E31002CA8A3 /* Resources */ = {
			isa = PBXResourcesBuildPhase;
			buildActionMask = 2147483647;
			files = (
				C6A483C928328E35002CA8A3 /* Preview Assets.xcassets in Resources */,
				C6A483C628328E35002CA8A3 /* Assets.xcassets in Resources */,
			);
			runOnlyForDeploymentPostprocessing = 0;
		};
		C6A483CC28328E35002CA8A3 /* Resources */ = {
			isa = PBXResourcesBuildPhase;
			buildActionMask = 2147483647;
			files = (
			);
			runOnlyForDeploymentPostprocessing = 0;
		};
		C6A483D628328E35002CA8A3 /* Resources */ = {
			isa = PBXResourcesBuildPhase;
			buildActionMask = 2147483647;
			files = (
			);
			runOnlyForDeploymentPostprocessing = 0;
		};
/* End PBXResourcesBuildPhase section */

/* Begin PBXSourcesBuildPhase section */
		C6A483BA28328E31002CA8A3 /* Sources */ = {
			isa = PBXSourcesBuildPhase;
			buildActionMask = 2147483647;
			files = (
				C6A483C428328E31002CA8A3 /* ContentView.swift in Sources */,
				C6A483EE2832F07D002CA8A3 /* BlockList.swift in Sources */,
				C6A483F2283340D7002CA8A3 /* SelectionList.swift in Sources */,
				C6A483F028332473002CA8A3 /* ProgramView.swift in Sources */,
				C6A483EC2832C5EB002CA8A3 /* BlockView.swift in Sources */,
				C6A483C228328E31002CA8A3 /* MyshortcutApp.swift in Sources */,
			);
			runOnlyForDeploymentPostprocessing = 0;
		};
		C6A483CA28328E35002CA8A3 /* Sources */ = {
			isa = PBXSourcesBuildPhase;
			buildActionMask = 2147483647;
			files = (
				C6A483D328328E35002CA8A3 /* MyshortcutTests.swift in Sources */,
			);
			runOnlyForDeploymentPostprocessing = 0;
		};
		C6A483D428328E35002CA8A3 /* Sources */ = {
			isa = PBXSourcesBuildPhase;
			buildActionMask = 2147483647;
			files = (
				C6A483DF28328E35002CA8A3 /* MyshortcutUITestsLaunchTests.swift in Sources */,
				C6A483DD28328E35002CA8A3 /* MyshortcutUITests.swift in Sources */,
			);
			runOnlyForDeploymentPostprocessing = 0;
		};
/* End PBXSourcesBuildPhase section */

/* Begin PBXTargetDependency section */
		C6A483D028328E35002CA8A3 /* PBXTargetDependency */ = {
			isa = PBXTargetDependency;
			target = C6A483BD28328E31002CA8A3 /* Myshortcut */;
			targetProxy = C6A483CF28328E35002CA8A3 /* PBXContainerItemProxy */;
		};
		C6A483DA28328E35002CA8A3 /* PBXTargetDependency */ = {
			isa = PBXTargetDependency;
			target = C6A483BD28328E31002CA8A3 /* Myshortcut */;
			targetProxy = C6A483D928328E35002CA8A3 /* PBXContainerItemProxy */;
		};
/* End PBXTargetDependency section */

/* Begin XCBuildConfiguration section */
		C6A483E028328E35002CA8A3 /* Debug */ = {
			isa = XCBuildConfiguration;
			buildSettings = {
				ALWAYS_SEARCH_USER_PATHS = NO;
				CLANG_ANALYZER_NONNULL = YES;
				CLANG_ANALYZER_NUMBER_OBJECT_CONVERSION = YES_AGGRESSIVE;
				CLANG_CXX_LANGUAGE_STANDARD = "gnu++17";
				CLANG_CXX_LIBRARY = "libc++";
				CLANG_ENABLE_MODULES = YES;
				CLANG_ENABLE_OBJC_ARC = YES;
				CLANG_ENABLE_OBJC_WEAK = YES;
				CLANG_WARN_BLOCK_CAPTURE_AUTORELEASING = YES;
				CLANG_WARN_BOOL_CONVERSION = YES;
				CLANG_WARN_COMMA = YES;
				CLANG_WARN_CONSTANT_CONVERSION = YES;
				CLANG_WARN_DEPRECATED_OBJC_IMPLEMENTATIONS = YES;
				CLANG_WARN_DIRECT_OBJC_ISA_USAGE = YES_ERROR;
				CLANG_WARN_DOCUMENTATION_COMMENTS = YES;
				CLANG_WARN_EMPTY_BODY = YES;
				CLANG_WARN_ENUM_CONVERSION = YES;
				CLANG_WARN_INFINITE_RECURSION = YES;
				CLANG_WARN_INT_CONVERSION = YES;
				CLANG_WARN_NON_LITERAL_NULL_CONVERSION = YES;
				CLANG_WARN_OBJC_IMPLICIT_RETAIN_SELF = YES;
				CLANG_WARN_OBJC_LITERAL_CONVERSION = YES;
				CLANG_WARN_OBJC_ROOT_CLASS = YES_ERROR;
				CLANG_WARN_QUOTED_INCLUDE_IN_FRAMEWORK_HEADER = YES;
				CLANG_WARN_RANGE_LOOP_ANALYSIS = YES;
				CLANG_WARN_STRICT_PROTOTYPES = YES;
				CLANG_WARN_SUSPICIOUS_MOVE = YES;
				CLANG_WARN_UNGUARDED_AVAILABILITY = YES_AGGRESSIVE;
				CLANG_WARN_UNREACHABLE_CODE = YES;
				CLANG_WARN__DUPLICATE_METHOD_MATCH = YES;
				COPY_PHASE_STRIP = NO;
				DEBUG_INFORMATION_FORMAT = dwarf;
				ENABLE_STRICT_OBJC_MSGSEND = YES;
				ENABLE_TESTABILITY = YES;
				GCC_C_LANGUAGE_STANDARD = gnu11;
				GCC_DYNAMIC_NO_PIC = NO;
				GCC_NO_COMMON_BLOCKS = YES;
				GCC_OPTIMIZATION_LEVEL = 0;
				GCC_PREPROCESSOR_DEFINITIONS = (
					"DEBUG=1",
					"$(inherited)",
				);
				GCC_WARN_64_TO_32_BIT_CONVERSION = YES;
				GCC_WARN_ABOUT_RETURN_TYPE = YES_ERROR;
				GCC_WARN_UNDECLARED_SELECTOR = YES;
				GCC_WARN_UNINITIALIZED_AUTOS = YES_AGGRESSIVE;
				GCC_WARN_UNUSED_FUNCTION = YES;
				GCC_WARN_UNUSED_VARIABLE = YES;
				IPHONEOS_DEPLOYMENT_TARGET = 15.2;
				MTL_ENABLE_DEBUG_INFO = INCLUDE_SOURCE;
				MTL_FAST_MATH = YES;
				ONLY_ACTIVE_ARCH = YES;
				SDKROOT = iphoneos;
				SWIFT_ACTIVE_COMPILATION_CONDITIONS = DEBUG;
				SWIFT_OPTIMIZATION_LEVEL = "-Onone";
			};
			name = Debug;
		};
		C6A483E128328E35002CA8A3 /* Release */ = {
			isa = XCBuildConfiguration;
			buildSettings = {
				ALWAYS_SEARCH_USER_PATHS = NO;
				CLANG_ANALYZER_NONNULL = YES;
				CLANG_ANALYZER_NUMBER_OBJECT_CONVERSION = YES_AGGRESSIVE;
				CLANG_CXX_LANGUAGE_STANDARD = "gnu++17";
				CLANG_CXX_LIBRARY = "libc++";
				CLANG_ENABLE_MODULES = YES;
				CLANG_ENABLE_OBJC_ARC = YES;
				CLANG_ENABLE_OBJC_WEAK = YES;
				CLANG_WARN_BLOCK_CAPTURE_AUTORELEASING = YES;
				CLANG_WARN_BOOL_CONVERSION = YES;
				CLANG_WARN_COMMA = YES;
				CLANG_WARN_CONSTANT_CONVERSION = YES;
				CLANG_WARN_DEPRECATED_OBJC_IMPLEMENTATIONS = YES;
				CLANG_WARN_DIRECT_OBJC_ISA_USAGE = YES_ERROR;
				CLANG_WARN_DOCUMENTATION_COMMENTS = YES;
				CLANG_WARN_EMPTY_BODY = YES;
				CLANG_WARN_ENUM_CONVERSION = YES;
				CLANG_WARN_INFINITE_RECURSION = YES;
				CLANG_WARN_INT_CONVERSION = YES;
				CLANG_WARN_NON_LITERAL_NULL_CONVERSION = YES;
				CLANG_WARN_OBJC_IMPLICIT_RETAIN_SELF = YES;
				CLANG_WARN_OBJC_LITERAL_CONVERSION = YES;
				CLANG_WARN_OBJC_ROOT_CLASS = YES_ERROR;
				CLANG_WARN_QUOTED_INCLUDE_IN_FRAMEWORK_HEADER = YES;
				CLANG_WARN_RANGE_LOOP_ANALYSIS = YES;
				CLANG_WARN_STRICT_PROTOTYPES = YES;
				CLANG_WARN_SUSPICIOUS_MOVE = YES;
				CLANG_WARN_UNGUARDED_AVAILABILITY = YES_AGGRESSIVE;
				CLANG_WARN_UNREACHABLE_CODE = YES;
				CLANG_WARN__DUPLICATE_METHOD_MATCH = YES;
				COPY_PHASE_STRIP = NO;
				DEBUG_INFORMATION_FORMAT = "dwarf-with-dsym";
				ENABLE_NS_ASSERTIONS = NO;
				ENABLE_STRICT_OBJC_MSGSEND = YES;
				GCC_C_LANGUAGE_STANDARD = gnu11;
				GCC_NO_COMMON_BLOCKS = YES;
				GCC_WARN_64_TO_32_BIT_CONVERSION = YES;
				GCC_WARN_ABOUT_RETURN_TYPE = YES_ERROR;
				GCC_WARN_UNDECLARED_SELECTOR = YES;
				GCC_WARN_UNINITIALIZED_AUTOS = YES_AGGRESSIVE;
				GCC_WARN_UNUSED_FUNCTION = YES;
				GCC_WARN_UNUSED_VARIABLE = YES;
				IPHONEOS_DEPLOYMENT_TARGET = 15.2;
				MTL_ENABLE_DEBUG_INFO = NO;
				MTL_FAST_MATH = YES;
				SDKROOT = iphoneos;
				SWIFT_COMPILATION_MODE = wholemodule;
				SWIFT_OPTIMIZATION_LEVEL = "-O";
				VALIDATE_PRODUCT = YES;
			};
			name = Release;
		};
		C6A483E328328E35002CA8A3 /* Debug */ = {
			isa = XCBuildConfiguration;
			buildSettings = {
				ASSETCATALOG_COMPILER_APPICON_NAME = AppIcon;
				ASSETCATALOG_COMPILER_GLOBAL_ACCENT_COLOR_NAME = AccentColor;
				CODE_SIGN_STYLE = Automatic;
				CURRENT_PROJECT_VERSION = 1;
				DEVELOPMENT_ASSET_PATHS = "\"Myshortcut/Preview Content\"";
				DEVELOPMENT_TEAM = U96SL4745Q;
				ENABLE_PREVIEWS = YES;
				GENERATE_INFOPLIST_FILE = YES;
				INFOPLIST_KEY_UIApplicationSceneManifest_Generation = YES;
				INFOPLIST_KEY_UIApplicationSupportsIndirectInputEvents = YES;
				INFOPLIST_KEY_UILaunchScreen_Generation = YES;
				INFOPLIST_KEY_UISupportedInterfaceOrientations_iPad = "UIInterfaceOrientationPortrait UIInterfaceOrientationPortraitUpsideDown UIInterfaceOrientationLandscapeLeft UIInterfaceOrientationLandscapeRight";
				INFOPLIST_KEY_UISupportedInterfaceOrientations_iPhone = "UIInterfaceOrientationPortrait UIInterfaceOrientationLandscapeLeft UIInterfaceOrientationLandscapeRight";
				LD_RUNPATH_SEARCH_PATHS = (
					"$(inherited)",
					"@executable_path/Frameworks",
				);
				MARKETING_VERSION = 1.0;
				PRODUCT_BUNDLE_IDENTIFIER = Sizhuang.Myshortcut;
				PRODUCT_NAME = "$(TARGET_NAME)";
				SWIFT_EMIT_LOC_STRINGS = YES;
				SWIFT_VERSION = 5.0;
				TARGETED_DEVICE_FAMILY = "1,2";
			};
			name = Debug;
		};
		C6A483E428328E35002CA8A3 /* Release */ = {
			isa = XCBuildConfiguration;
			buildSettings = {
				ASSETCATALOG_COMPILER_APPICON_NAME = AppIcon;
				ASSETCATALOG_COMPILER_GLOBAL_ACCENT_COLOR_NAME = AccentColor;
				CODE_SIGN_STYLE = Automatic;
				CURRENT_PROJECT_VERSION = 1;
				DEVELOPMENT_ASSET_PATHS = "\"Myshortcut/Preview Content\"";
				DEVELOPMENT_TEAM = U96SL4745Q;
				ENABLE_PREVIEWS = YES;
				GENERATE_INFOPLIST_FILE = YES;
				INFOPLIST_KEY_UIApplicationSceneManifest_Generation = YES;
				INFOPLIST_KEY_UIApplicationSupportsIndirectInputEvents = YES;
				INFOPLIST_KEY_UILaunchScreen_Generation = YES;
				INFOPLIST_KEY_UISupportedInterfaceOrientations_iPad = "UIInterfaceOrientationPortrait UIInterfaceOrientationPortraitUpsideDown UIInterfaceOrientationLandscapeLeft UIInterfaceOrientationLandscapeRight";
				INFOPLIST_KEY_UISupportedInterfaceOrientations_iPhone = "UIInterfaceOrientationPortrait UIInterfaceOrientationLandscapeLeft UIInterfaceOrientationLandscapeRight";
				LD_RUNPATH_SEARCH_PATHS = (
					"$(inherited)",
					"@executable_path/Frameworks",
				);
				MARKETING_VERSION = 1.0;
				PRODUCT_BUNDLE_IDENTIFIER = Sizhuang.Myshortcut;
				PRODUCT_NAME = "$(TARGET_NAME)";
				SWIFT_EMIT_LOC_STRINGS = YES;
				SWIFT_VERSION = 5.0;
				TARGETED_DEVICE_FAMILY = "1,2";
			};
			name = Release;
		};
		C6A483E628328E35002CA8A3 /* Debug */ = {
			isa = XCBuildConfiguration;
			buildSettings = {
				ALWAYS_EMBED_SWIFT_STANDARD_LIBRARIES = YES;
				BUNDLE_LOADER = "$(TEST_HOST)";
				CODE_SIGN_STYLE = Automatic;
				CURRENT_PROJECT_VERSION = 1;
				DEVELOPMENT_TEAM = U96SL4745Q;
				GENERATE_INFOPLIST_FILE = YES;
				IPHONEOS_DEPLOYMENT_TARGET = 15.2;
				MARKETING_VERSION = 1.0;
				PRODUCT_BUNDLE_IDENTIFIER = Sizhuang.MyshortcutTests;
				PRODUCT_NAME = "$(TARGET_NAME)";
				SWIFT_EMIT_LOC_STRINGS = NO;
				SWIFT_VERSION = 5.0;
				TARGETED_DEVICE_FAMILY = "1,2";
				TEST_HOST = "$(BUILT_PRODUCTS_DIR)/Myshortcut.app/Myshortcut";
			};
			name = Debug;
		};
		C6A483E728328E35002CA8A3 /* Release */ = {
			isa = XCBuildConfiguration;
			buildSettings = {
				ALWAYS_EMBED_SWIFT_STANDARD_LIBRARIES = YES;
				BUNDLE_LOADER = "$(TEST_HOST)";
				CODE_SIGN_STYLE = Automatic;
				CURRENT_PROJECT_VERSION = 1;
				DEVELOPMENT_TEAM = U96SL4745Q;
				GENERATE_INFOPLIST_FILE = YES;
				IPHONEOS_DEPLOYMENT_TARGET = 15.2;
				MARKETING_VERSION = 1.0;
				PRODUCT_BUNDLE_IDENTIFIER = Sizhuang.MyshortcutTests;
				PRODUCT_NAME = "$(TARGET_NAME)";
				SWIFT_EMIT_LOC_STRINGS = NO;
				SWIFT_VERSION = 5.0;
				TARGETED_DEVICE_FAMILY = "1,2";
				TEST_HOST = "$(BUILT_PRODUCTS_DIR)/Myshortcut.app/Myshortcut";
			};
			name = Release;
		};
		C6A483E928328E35002CA8A3 /* Debug */ = {
			isa = XCBuildConfiguration;
			buildSettings = {
				ALWAYS_EMBED_SWIFT_STANDARD_LIBRARIES = YES;
				CODE_SIGN_STYLE = Automatic;
				CURRENT_PROJECT_VERSION = 1;
				DEVELOPMENT_TEAM = U96SL4745Q;
				GENERATE_INFOPLIST_FILE = YES;
				MARKETING_VERSION = 1.0;
				PRODUCT_BUNDLE_IDENTIFIER = Sizhuang.MyshortcutUITests;
				PRODUCT_NAME = "$(TARGET_NAME)";
				SWIFT_EMIT_LOC_STRINGS = NO;
				SWIFT_VERSION = 5.0;
				TARGETED_DEVICE_FAMILY = "1,2";
				TEST_TARGET_NAME = Myshortcut;
			};
			name = Debug;
		};
		C6A483EA28328E35002CA8A3 /* Release */ = {
			isa = XCBuildConfiguration;
			buildSettings = {
				ALWAYS_EMBED_SWIFT_STANDARD_LIBRARIES = YES;
				CODE_SIGN_STYLE = Automatic;
				CURRENT_PROJECT_VERSION = 1;
				DEVELOPMENT_TEAM = U96SL4745Q;
				GENERATE_INFOPLIST_FILE = YES;
				MARKETING_VERSION = 1.0;
				PRODUCT_BUNDLE_IDENTIFIER = Sizhuang.MyshortcutUITests;
				PRODUCT_NAME = "$(TARGET_NAME)";
				SWIFT_EMIT_LOC_STRINGS = NO;
				SWIFT_VERSION = 5.0;
				TARGETED_DEVICE_FAMILY = "1,2";
				TEST_TARGET_NAME = Myshortcut;
			};
			name = Release;
		};
/* End XCBuildConfiguration section */

/* Begin XCConfigurationList section */
		C6A483B928328E31002CA8A3 /* Build configuration list for PBXProject "Myshortcut" */ = {
			isa = XCConfigurationList;
			buildConfigurations = (
				C6A483E028328E35002CA8A3 /* Debug */,
				C6A483E128328E35002CA8A3 /* Release */,
			);
			defaultConfigurationIsVisible = 0;
			defaultConfigurationName = Release;
		};
		C6A483E228328E35002CA8A3 /* Build configuration list for PBXNativeTarget "Myshortcut" */ = {
			isa = XCConfigurationList;
			buildConfigurations = (
				C6A483E328328E35002CA8A3 /* Debug */,
				C6A483E428328E35002CA8A3 /* Release */,
			);
			defaultConfigurationIsVisible = 0;
			defaultConfigurationName = Release;
		};
		C6A483E528328E35002CA8A3 /* Build configuration list for PBXNativeTarget "MyshortcutTests" */ = {
			isa = XCConfigurationList;
			buildConfigurations = (
				C6A483E628328E35002CA8A3 /* Debug */,
				C6A483E728328E35002CA8A3 /* Release */,
			);
			defaultConfigurationIsVisible = 0;
			defaultConfigurationName = Release;
		};
		C6A483E828328E35002CA8A3 /* Build configuration list for PBXNativeTarget "MyshortcutUITests" */ = {
			isa = XCConfigurationList;
			buildConfigurations = (
				C6A483E928328E35002CA8A3 /* Debug */,
				C6A483EA28328E35002CA8A3 /* Release */,
			);
			defaultConfigurationIsVisible = 0;
			defaultConfigurationName = Release;
		};
/* End XCConfigurationList section */
	};
	rootObject = C6A483B628328E31002CA8A3 /* Project object */;
}
